
Microsoft Visual Studio Solution File, Format Version 12.00
# Visual Studio Version 16
VisualStudioVersion = 16.0.31515.178
MinimumVisualStudioVersion = 10.0.40219.1
Project("{9A19103F-16F7-4668-BE54-9A1E7A4F7556}") = "iBotMDEgRPCAPICalling", "iBotMDEgRPCAPICalling.csproj", "{4D3285DA-F9F7-4FED-9158-0654E417C5F9}"
EndProject
Global
	GlobalSection(SolutionConfigurationPlatforms) = preSolution
		Debug|Any CPU = Debug|Any CPU
		Debug|x64 = Debug|x64
		Release|Any CPU = Release|Any CPU
		Release|x64 = Release|x64
	EndGlobalSection
	GlobalSection(ProjectConfigurationPlatforms) = postSolution
		{4D3285DA-F9F7-4FED-9158-0654E417C5F9}.Debug|Any CPU.ActiveCfg = Release|Any CPU
		{4D3285DA-F9F7-4FED-9158-0654E417C5F9}.Debug|Any CPU.Build.0 = Release|Any CPU
		{4D3285DA-F9F7-4FED-9158-0654E417C5F9}.Debug|x64.ActiveCfg = Debug|Any CPU
		{4D3285DA-F9F7-4FED-9158-0654E417C5F9}.Debug|x64.Build.0 = Debug|Any CPU
		{4D3285DA-F9F7-4FED-9158-0654E417C5F9}.Release|Any CPU.ActiveCfg = Release|Any CPU
		{4D3285DA-F9F7-4FED-9158-0654E417C5F9}.Release|Any CPU.Build.0 = Release|Any CPU
		{4D3285DA-F9F7-4FED-9158-0654E417C5F9}.Release|x64.ActiveCfg = Release|x64
		{4D3285DA-F9F7-4FED-9158-0654E417C5F9}.Release|x64.Build.0 = Release|x64
	EndGlobalSection
	GlobalSection(SolutionProperties) = preSolution
		HideSolutionNode = FALSE
	EndGlobalSection
	GlobalSection(ExtensibilityGlobals) = postSolution
		SolutionGuid = {A3E0F5B7-386D-47A7-8657-EDB138FB422F}
	EndGlobalSection
EndGlobal
